
Microsoft Visual Studio Solution File, Format Version 12.00
# Visual Studio Version 16
VisualStudioVersion = 16.0.31112.23
MinimumVisualStudioVersion = 10.0.40219.1
Project("{FAE04EC0-301F-11D3-BF4B-00C04F79EFBC}") = "LabradogApp", "LabradogApp\LabradogApp.csproj", "{326C1569-F5FF-4B47-B936-DAF068045337}"
EndProject
Global
	GlobalSection(SolutionConfigurationPlatforms) = preSolution
		Debug|Any CPU = Debug|Any CPU
		Release|Any CPU = Release|Any CPU
	EndGlobalSection
	GlobalSection(ProjectConfigurationPlatforms) = postSolution
		{326C1569-F5FF-4B47-B936-DAF068045337}.Debug|Any CPU.ActiveCfg = Debug|Any CPU
		{326C1569-F5FF-4B47-B936-DAF068045337}.Debug|Any CPU.Build.0 = Debug|Any CPU
		{326C1569-F5FF-4B47-B936-DAF068045337}.Release|Any CPU.ActiveCfg = Release|Any CPU
		{326C1569-F5FF-4B47-B936-DAF068045337}.Release|Any CPU.Build.0 = Release|Any CPU
	EndGlobalSection
	GlobalSection(SolutionProperties) = preSolution
		HideSolutionNode = FALSE
	EndGlobalSection
	GlobalSection(ExtensibilityGlobals) = postSolution
		SolutionGuid = {614D8242-682A-47D0-B6FF-432C04E66CEF}
	EndGlobalSection
EndGlobal
